<?xml version="1.0" encoding="utf-8"?>
<Project ToolsVersion="4.0" xmlns="http://schemas.microsoft.com/developer/msbuild/2003">
  <ItemGroup>
    <Filter Include="소스 파일">
      <UniqueIdentifier>{4FC737F1-C7A5-4376-A066-2A32D752A2FF}</UniqueIdentifier>
      <Extensions>cpp;c;cc;cxx;c++;cppm;ixx;def;odl;idl;hpj;bat;asm;asmx</Extensions>
    </Filter>
    <Filter Include="헤더 파일">
      <UniqueIdentifier>{93995380-89BD-4b04-88EB-625FBE52EBFB}</UniqueIdentifier>
      <Extensions>h;hh;hpp;hxx;h++;hm;inl;inc;ipp;xsd</Extensions>
    </Filter>
    <Filter Include="리소스 파일">
      <UniqueIdentifier>{67DA6AB6-F800-4c08-8B7A-83BB121AAD01}</UniqueIdentifier>
      <Extensions>rc;ico;cur;bmp;dlg;rc2;rct;bin;rgs;gif;jpg;jpeg;jpe;resx;tiff;tif;png;wav;mfcribbon-ms</Extensions>
    </Filter>
    <Filter Include="01. Mgr">
      <UniqueIdentifier>{abe1a7aa-9038-4be9-9437-ade742823c52}</UniqueIdentifier>
    </Filter>
    <Filter Include="02. Obj">
      <UniqueIdentifier>{10f7536b-5b16-44da-92a1-6768b099fbab}</UniqueIdentifier>
    </Filter>
    <Filter Include="02. Obj\01. Player">
      <UniqueIdentifier>{b187db6f-d885-488a-9210-146031ac779e}</UniqueIdentifier>
    </Filter>
    <Filter Include="01. Mgr\01. Player">
      <UniqueIdentifier>{2fec33d4-456f-48de-8100-4250b623ab1f}</UniqueIdentifier>
    </Filter>
    <Filter Include="01. Mgr\02. Field">
      <UniqueIdentifier>{7ac172b7-706e-44d8-98fb-bcc9ff4eb3df}</UniqueIdentifier>
    </Filter>
    <Filter Include="03. Field">
      <UniqueIdentifier>{c6b9ea05-2e29-449a-8432-98ac7cd0f55e}</UniqueIdentifier>
    </Filter>
    <Filter Include="02. Obj\02. Monster">
      <UniqueIdentifier>{1325cc71-873a-4766-a720-8718a24db53e}</UniqueIdentifier>
    </Filter>
  </ItemGroup>
  <ItemGroup>
    <ClCompile Include="main.cpp">
      <Filter>소스 파일</Filter>
    </ClCompile>
    <ClCompile Include="GameManager.cpp">
      <Filter>01. Mgr</Filter>
    </ClCompile>
    <ClCompile Include="Object.cpp">
      <Filter>02. Obj</Filter>
    </ClCompile>
    <ClCompile Include="Player.cpp">
      <Filter>02. Obj\01. Player</Filter>
    </ClCompile>
    <ClCompile Include="PlayerManager.cpp">
      <Filter>01. Mgr\01. Player</Filter>
    </ClCompile>
    <ClCompile Include="FieldManager.cpp">
      <Filter>01. Mgr\02. Field</Filter>
    </ClCompile>
    <ClCompile Include="Field.cpp">
      <Filter>03. Field</Filter>
    </ClCompile>
    <ClCompile Include="Monster.cpp">
      <Filter>02. Obj\02. Monster</Filter>
    </ClCompile>
  </ItemGroup>
  <ItemGroup>
    <ClInclude Include="GameInfo.h">
      <Filter>헤더 파일</Filter>
    </ClInclude>
    <ClInclude Include="SingletonMacro.h">
      <Filter>헤더 파일</Filter>
    </ClInclude>
    <ClInclude Include="Flag.h">
      <Filter>헤더 파일</Filter>
    </ClInclude>
    <ClInclude Include="GameManager.h">
      <Filter>01. Mgr</Filter>
    </ClInclude>
    <ClInclude Include="Object.h">
      <Filter>02. Obj</Filter>
    </ClInclude>
    <ClInclude Include="Player.h">
      <Filter>02. Obj\01. Player</Filter>
    </ClInclude>
    <ClInclude Include="PlayerManager.h">
      <Filter>01. Mgr\01. Player</Filter>
    </ClInclude>
    <ClInclude Include="FieldManager.h">
      <Filter>01. Mgr\02. Field</Filter>
    </ClInclude>
    <ClInclude Include="Field.h">
      <Filter>03. Field</Filter>
    </ClInclude>
    <ClInclude Include="Monster.h">
      <Filter>02. Obj\02. Monster</Filter>
    </ClInclude>
  </ItemGroup>
</Project>